{
  "schemaVersion": 1,
  "id": "bao-core",
  "packageName": "@baohaus/bao-core",
  "packageVersion": "0.1.0",
  "resolved": [
    {
      "name": "@baohaus/bao-config",
      "version": "0.1.0",
      "ociRepository": "baohaus/bao-config",
      "ociDigest": "sha256:4717308fcbf6e5814f49d68bdf2fa8d33ab525465fcb53a72312ace695d9722a",
      "integrity": "sha256-Rxcwj8v25YFPSdaL3y+o0zq1JUZfy1OnIxKs5pXZcio=",
      "signature": {
        "provider": "ed25519",
        "bundle": "roQW1DyP7btSNuFPmive2ZK4aQNsFqaXScEb6nYeX0oFzjODgQAblPSn55GF0rDuZPqkuKxLx8LWBZDkRURgBA==",
        "keyId": "727d68a8ba3f30644216294d054d0366ee6b3db4b87b780b5f6b3002b45450ce",
        "transparencyLog": "https://rekor.sigstore.dev"
      },
      "resolvedFrom": "oci-registry"
    },
    {
      "name": "@baohaus/bao-constants",
      "version": "0.1.0",
      "ociRepository": "baohaus/bao-constants",
      "ociDigest": "sha256:b76e64434747c67ccbbb1ec431fa8f6ff39d6b6295e158fce252de27358eb14c",
      "integrity": "sha256-t25kQ0dHxnzLux7EMfqPb/Oda2KV4Vj84lLeJzWOsUw=",
      "signature": {
        "provider": "ed25519",
        "bundle": "YpPtuR1A92/93WjEq2qcwrbdl/kwOrWQquU8T/sgsgE36k2ihZcxYqYz9h+e3zKtR8m45hhtOkNgrrZGTmw8Bw==",
        "keyId": "727d68a8ba3f30644216294d054d0366ee6b3db4b87b780b5f6b3002b45450ce",
        "transparencyLog": "https://rekor.sigstore.dev"
      },
      "resolvedFrom": "oci-registry"
    },
    {
      "name": "@baohaus/bao-contracts",
      "version": "0.1.0",
      "ociRepository": "baohaus/bao-contracts",
      "ociDigest": "sha256:e522b2902f5fc9aaf69f078b4b9a3edf2d77a1bccd78fec2326782a963712f9f",
      "integrity": "sha256-5SKykC9fyar2nweLS5o+3y13obzNeP7CMmeCqWNxL58=",
      "signature": {
        "provider": "ed25519",
        "bundle": "UmZxAdPczt3mYccXtkYgn6IDhyT3WyCMSxldKxaI9fA/zIR6qfRxGb9eh508NO7vvOPLkay9n+M+DuOxTnzoAg==",
        "keyId": "727d68a8ba3f30644216294d054d0366ee6b3db4b87b780b5f6b3002b45450ce",
        "transparencyLog": "https://rekor.sigstore.dev"
      },
      "resolvedFrom": "oci-registry"
    },
    {
      "name": "@baohaus/bao-schemas",
      "version": "0.1.0",
      "ociRepository": "baohaus/bao-schemas",
      "ociDigest": "sha256:03161584ac81910408852a52eec8d29c8665b0b417cf5f9e0d5e0c4f4d153dd9",
      "integrity": "sha256-AxYVhKyBkQQIhSpS7sjSnIZlsLQXz1+eDV4MT00VPdk=",
      "signature": {
        "provider": "ed25519",
        "bundle": "h1TiWBE1xMFjZ6DFAVwH0Ggv4wgEzaacY5LfhxPK4LRsOocSmEMYAibfGi3NK0YdSDbGJbhIblDHAWJs88pRDQ==",
        "keyId": "727d68a8ba3f30644216294d054d0366ee6b3db4b87b780b5f6b3002b45450ce",
        "transparencyLog": "https://rekor.sigstore.dev"
      },
      "resolvedFrom": "oci-registry"
    },
    {
      "name": "@baohaus/bao-utils",
      "version": "0.1.0",
      "ociRepository": "baohaus/bao-utils",
      "ociDigest": "sha256:44cda2b1a49c179a261f162790d78f0f7bca7b694dd60916dd49647869eb2fa3",
      "integrity": "sha256-RM2isaScF5omHxYnkNePD3vKe2lN1gkW3UlkeGnrL6M=",
      "signature": {
        "provider": "ed25519",
        "bundle": "K8emMb9dOseQbdrj0ydRtrQ69oe9GAkpW4snl6NRyrXzbe8NQV/Ff0U4SbVYVDAYJwInnA8CTsri2qXsp3ZGBQ==",
        "keyId": "727d68a8ba3f30644216294d054d0366ee6b3db4b87b780b5f6b3002b45450ce",
        "transparencyLog": "https://rekor.sigstore.dev"
      },
      "resolvedFrom": "oci-registry"
    },
    {
      "name": "@baohaus/bao-wrapture",
      "version": "0.1.0",
      "ociRepository": "baohaus/bao-wrapture",
      "ociDigest": "sha256:77761b24bc9b055186742e6be56843eca5cb5bdc57d53cc0dbd47f846f2acf95",
      "integrity": "sha256-d3YbJLybBVGGdC5r5WhD7KXLW9xX1TzA29R/hG8qz5U=",
      "signature": {
        "provider": "ed25519",
        "bundle": "SlAvttAJ9EyKIkNI21eNvAZeYUs+uHPCESM5+Yzu/jmlfypR3lae8ISeC4Evqfqlwqk/45ylb5qVR3QmtbrrBQ==",
        "keyId": "727d68a8ba3f30644216294d054d0366ee6b3db4b87b780b5f6b3002b45450ce",
        "transparencyLog": "https://rekor.sigstore.dev"
      },
      "resolvedFrom": "oci-registry"
    },
    {
      "name": "@baohaus/baobox",
      "version": "0.1.1",
      "ociRepository": "baohaus/baobox",
      "ociDigest": "sha256:c88470eacfeb3cfb601f05772c99e37bbf4728e9e2b5ba22aa023d7f25e0ecbd",
      "integrity": "sha256-yIRw6s/rPPtgHwV3LJnje79HKOnitboiqgI9fyXg7L0=",
      "signature": {
        "provider": "ed25519",
        "bundle": "3tFN3nc+wExvKuGMIGcoadCdKFNadU76jLqXuUFsubPrWu9+3GrhtHazynGSIYUKcFq+jhBjUvYoSy+HeBf0BQ==",
        "keyId": "727d68a8ba3f30644216294d054d0366ee6b3db4b87b780b5f6b3002b45450ce",
        "transparencyLog": "https://rekor.sigstore.dev"
      },
      "resolvedFrom": "oci-registry"
    },
    {
      "name": "@baohaus/bao-types",
      "version": "0.1.0",
      "ociRepository": "baohaus/bao-types",
      "ociDigest": "sha256:25eefeafebc5bc407bcfa71fa263d3fe2f605ef311502871a33caa2cfd73caf0",
      "integrity": "sha256-Je7+r+vFvEB7z6cfomPT/i9gXvMRUChxozyqLP1zyvA=",
      "signature": {
        "provider": "ed25519",
        "bundle": "f1L7pyPxI0iP02syd5LhQ6mpiWsvmNRty9Y8cjgnuoCObkhGX/DnsE+fTbHPygPYfqxv1FJPZCl/Qa1lKo42Aw==",
        "keyId": "727d68a8ba3f30644216294d054d0366ee6b3db4b87b780b5f6b3002b45450ce",
        "transparencyLog": "https://rekor.sigstore.dev"
      },
      "resolvedFrom": "oci-registry"
    },
    {
      "name": "@baohaus/bunbuddy-shared",
      "version": "2.3.0",
      "ociRepository": "baohaus/bunbuddy-shared",
      "ociDigest": "sha256:abfcd443395009b51e44871b21a1b3a62158e51836a618df8c1bb4159995d015",
      "integrity": "sha256-q/zUQzlQCbUeRIcbIaGzpiFY5Rg2phjfjBu0FZmV0BU=",
      "signature": {
        "provider": "ed25519",
        "bundle": "xWkCRBzqq3I8Cqcc2TBIdPNCAwYfiOE78kljegDKjhTmROHr/O7uJlJhfpEKTq2VQ83k4oHSiO2Yq5WXGdRxCQ==",
        "keyId": "727d68a8ba3f30644216294d054d0366ee6b3db4b87b780b5f6b3002b45450ce",
        "transparencyLog": "https://rekor.sigstore.dev"
      },
      "resolvedFrom": "oci-registry"
    }
  ]
}
